// !$*UTF8*$!
{
	archiveVersion = 1;
	classes = {
	};
	objectVersion = 46;
	objects = {

/* Begin PBXBuildFile section */
		2FD13CA11ADAEFA5002E3C54 /* main.m in Sources */ = {isa = PBXBuildFile; fileRef = 2FD13CA01ADAEFA5002E3C54 /* main.m */; };
		2FD13CA41ADAEFA5002E3C54 /* AppDelegate.m in Sources */ = {isa = PBXBuildFile; fileRef = 2FD13CA31ADAEFA5002E3C54 /* AppDelegate.m */; };
		2FD13CA71ADAEFA5002E3C54 /* CodeForACause.xcdatamodeld in Sources */ = {isa = PBXBuildFile; fileRef = 2FD13CA51ADAEFA5002E3C54 /* CodeForACause.xcdatamodeld */; };
		2FD13CAA1ADAEFA5002E3C54 /* MasterViewController.m in Sources */ = {isa = PBXBuildFile; fileRef = 2FD13CA91ADAEFA5002E3C54 /* MasterViewController.m */; };
		2FD13CAD1ADAEFA5002E3C54 /* DetailViewController.m in Sources */ = {isa = PBXBuildFile; fileRef = 2FD13CAC1ADAEFA5002E3C54 /* DetailViewController.m */; };
		2FD13CB01ADAEFA5002E3C54 /* Main.storyboard in Resources */ = {isa = PBXBuildFile; fileRef = 2FD13CAE1ADAEFA5002E3C54 /* Main.storyboard */; };
		2FD13CB21ADAEFA5002E3C54 /* Images.xcassets in Resources */ = {isa = PBXBuildFile; fileRef = 2FD13CB11ADAEFA5002E3C54 /* Images.xcassets */; };
		2FD13CB51ADAEFA5002E3C54 /* LaunchScreen.xib in Resources */ = {isa = PBXBuildFile; fileRef = 2FD13CB31ADAEFA5002E3C54 /* LaunchScreen.xib */; };
		2FD13CC11ADAEFA5002E3C54 /* CodeForACauseTests.m in Sources */ = {isa = PBXBuildFile; fileRef = 2FD13CC01ADAEFA5002E3C54 /* CodeForACauseTests.m */; };
/* End PBXBuildFile section */

/* Begin PBXContainerItemProxy section */
		2FD13CBB1ADAEFA5002E3C54 /* PBXContainerItemProxy */ = {
			isa = PBXContainerItemProxy;
			containerPortal = 2FD13C931ADAEFA5002E3C54 /* Project object */;
			proxyType = 1;
			remoteGlobalIDString = 2FD13C9A1ADAEFA5002E3C54;
			remoteInfo = CodeForACause;
		};
/* End PBXContainerItemProxy section */

/* Begin PBXFileReference section */
		2FD13C9B1ADAEFA5002E3C54 /* CodeForACause.app */ = {isa = PBXFileReference; explicitFileType = wrapper.application; includeInIndex = 0; path = CodeForACause.app; sourceTree = BUILT_PRODUCTS_DIR; };
		2FD13C9F1ADAEFA5002E3C54 /* Info.plist */ = {isa = PBXFileReference; lastKnownFileType = text.plist.xml; path = Info.plist; sourceTree = "<group>"; };
		2FD13CA01ADAEFA5002E3C54 /* main.m */ = {isa = PBXFileReference; lastKnownFileType = sourcecode.c.objc; path = main.m; sourceTree = "<group>"; };
		2FD13CA21ADAEFA5002E3C54 /* AppDelegate.h */ = {isa = PBXFileReference; lastKnownFileType = sourcecode.c.h; path = AppDelegate.h; sourceTree = "<group>"; };
		2FD13CA31ADAEFA5002E3C54 /* AppDelegate.m */ = {isa = PBXFileReference; lastKnownFileType = sourcecode.c.objc; path = AppDelegate.m; sourceTree = "<group>"; };
		2FD13CA61ADAEFA5002E3C54 /* CodeForACause.xcdatamodel */ = {isa = PBXFileReference; lastKnownFileType = wrapper.xcdatamodel; path = CodeForACause.xcdatamodel; sourceTree = "<group>"; };
		2FD13CA81ADAEFA5002E3C54 /* MasterViewController.h */ = {isa = PBXFileReference; lastKnownFileType = sourcecode.c.h; path = MasterViewController.h; sourceTree = "<group>"; };
		2FD13CA91ADAEFA5002E3C54 /* MasterViewController.m */ = {isa = PBXFileReference; lastKnownFileType = sourcecode.c.objc; path = MasterViewController.m; sourceTree = "<group>"; };
		2FD13CAB1ADAEFA5002E3C54 /* DetailViewController.h */ = {isa = PBXFileReference; lastKnownFileType = sourcecode.c.h; path = DetailViewController.h; sourceTree = "<group>"; };
		2FD13CAC1ADAEFA5002E3C54 /* DetailViewController.m */ = {isa = PBXFileReference; lastKnownFileType = sourcecode.c.objc; path = DetailViewController.m; sourceTree = "<group>"; };
		2FD13CAF1ADAEFA5002E3C54 /* Base */ = {isa = PBXFileReference; lastKnownFileType = file.storyboard; name = Base; path = Base.lproj/Main.storyboard; sourceTree = "<group>"; };
		2FD13CB11ADAEFA5002E3C54 /* Images.xcassets */ = {isa = PBXFileReference; lastKnownFileType = folder.assetcatalog; path = Images.xcassets; sourceTree = "<group>"; };
		2FD13CB41ADAEFA5002E3C54 /* Base */ = {isa = PBXFileReference; lastKnownFileType = file.xib; name = Base; path = Base.lproj/LaunchScreen.xib; sourceTree = "<group>"; };
		2FD13CBA1ADAEFA5002E3C54 /* CodeForACauseTests.xctest */ = {isa = PBXFileReference; explicitFileType = wrapper.cfbundle; includeInIndex = 0; path = CodeForACauseTests.xctest; sourceTree = BUILT_PRODUCTS_DIR; };
		2FD13CBF1ADAEFA5002E3C54 /* Info.plist */ = {isa = PBXFileReference; lastKnownFileType = text.plist.xml; path = Info.plist; sourceTree = "<group>"; };
		2FD13CC01ADAEFA5002E3C54 /* CodeForACauseTests.m */ = {isa = PBXFileReference; lastKnownFileType = sourcecode.c.objc; path = CodeForACauseTests.m; sourceTree = "<group>"; };
/* End PBXFileReference section */

/* Begin PBXFrameworksBuildPhase section */
		2FD13C981ADAEFA5002E3C54 /* Frameworks */ = {
			isa = PBXFrameworksBuildPhase;
			buildActionMask = 2147483647;
			files = (
			);
			runOnlyForDeploymentPostprocessing = 0;
		};
		2FD13CB71ADAEFA5002E3C54 /* Frameworks */ = {
			isa = PBXFrameworksBuildPhase;
			buildActionMask = 2147483647;
			files = (
			);
			runOnlyForDeploymentPostprocessing = 0;
		};
/* End PBXFrameworksBuildPhase section */

/* Begin PBXGroup section */
		2FD13C921ADAEFA5002E3C54 = {
			isa = PBXGroup;
			children = (
				2FD13C9D1ADAEFA5002E3C54 /* CodeForACause */,
				2FD13CBD1ADAEFA5002E3C54 /* CodeForACauseTests */,
				2FD13C9C1ADAEFA5002E3C54 /* Products */,
			);
			sourceTree = "<group>";
		};
		2FD13C9C1ADAEFA5002E3C54 /* Products */ = {
			isa = PBXGroup;
			children = (
				2FD13C9B1ADAEFA5002E3C54 /* CodeForACause.app */,
				2FD13CBA1ADAEFA5002E3C54 /* CodeForACauseTests.xctest */,
			);
			name = Products;
			sourceTree = "<group>";
		};
		2FD13C9D1ADAEFA5002E3C54 /* CodeForACause */ = {
			isa = PBXGroup;
			children = (
				2FD13CA21ADAEFA5002E3C54 /* AppDelegate.h */,
				2FD13CA31ADAEFA5002E3C54 /* AppDelegate.m */,
				2FD13CA81ADAEFA5002E3C54 /* MasterViewController.h */,
				2FD13CA91ADAEFA5002E3C54 /* MasterViewController.m */,
				2FD13CAB1ADAEFA5002E3C54 /* DetailViewController.h */,
				2FD13CAC1ADAEFA5002E3C54 /* DetailViewController.m */,
				2FD13CAE1ADAEFA5002E3C54 /* Main.storyboard */,
				2FD13CB11ADAEFA5002E3C54 /* Images.xcassets */,
				2FD13CB31ADAEFA5002E3C54 /* LaunchScreen.xib */,
				2FD13CA51ADAEFA5002E3C54 /* CodeForACause.xcdatamodeld */,
				2FD13C9E1ADAEFA5002E3C54 /* Supporting Files */,
			);
			path = CodeForACause;
			sourceTree = "<group>";
		};
		2FD13C9E1ADAEFA5002E3C54 /* Supporting Files */ = {
			isa = PBXGroup;
			children = (
				2FD13C9F1ADAEFA5002E3C54 /* Info.plist */,
				2FD13CA01ADAEFA5002E3C54 /* main.m */,
			);
			name = "Supporting Files";
			sourceTree = "<group>";
		};
		2FD13CBD1ADAEFA5002E3C54 /* CodeForACauseTests */ = {
			isa = PBXGroup;
			children = (
				2FD13CC01ADAEFA5002E3C54 /* CodeForACauseTests.m */,
				2FD13CBE1ADAEFA5002E3C54 /* Supporting Files */,
			);
			path = CodeForACauseTests;
			sourceTree = "<group>";
		};
		2FD13CBE1ADAEFA5002E3C54 /* Supporting Files */ = {
			isa = PBXGroup;
			children = (
				2FD13CBF1ADAEFA5002E3C54 /* Info.plist */,
			);
			name = "Supporting Files";
			sourceTree = "<group>";
		};
/* End PBXGroup section */

/* Begin PBXNativeTarget section */
		2FD13C9A1ADAEFA5002E3C54 /* CodeForACause */ = {
			isa = PBXNativeTarget;
			buildConfigurationList = 2FD13CC41ADAEFA5002E3C54 /* Build configuration list for PBXNativeTarget "CodeForACause" */;
			buildPhases = (
				2FD13C971ADAEFA5002E3C54 /* Sources */,
				2FD13C981ADAEFA5002E3C54 /* Frameworks */,
				2FD13C991ADAEFA5002E3C54 /* Resources */,
			);
			buildRules = (
			);
			dependencies = (
			);
			name = CodeForACause;
			productName = CodeForACause;
			productReference = 2FD13C9B1ADAEFA5002E3C54 /* CodeForACause.app */;
			productType = "com.apple.product-type.application";
		};
		2FD13CB91ADAEFA5002E3C54 /* CodeForACauseTests */ = {
			isa = PBXNativeTarget;
			buildConfigurationList = 2FD13CC71ADAEFA5002E3C54 /* Build configuration list for PBXNativeTarget "CodeForACauseTests" */;
			buildPhases = (
				2FD13CB61ADAEFA5002E3C54 /* Sources */,
				2FD13CB71ADAEFA5002E3C54 /* Frameworks */,
				2FD13CB81ADAEFA5002E3C54 /* Resources */,
			);
			buildRules = (
			);
			dependencies = (
				2FD13CBC1ADAEFA5002E3C54 /* PBXTargetDependency */,
			);
			name = CodeForACauseTests;
			productName = CodeForACauseTests;
			productReference = 2FD13CBA1ADAEFA5002E3C54 /* CodeForACauseTests.xctest */;
			productType = "com.apple.product-type.bundle.unit-test";
		};
/* End PBXNativeTarget section */

/* Begin PBXProject section */
		2FD13C931ADAEFA5002E3C54 /* Project object */ = {
			isa = PBXProject;
			attributes = {
				LastUpgradeCheck = 0620;
				ORGANIZATIONNAME = "Tyler Moore";
				TargetAttributes = {
					2FD13C9A1ADAEFA5002E3C54 = {
						CreatedOnToolsVersion = 6.2;
					};
					2FD13CB91ADAEFA5002E3C54 = {
						CreatedOnToolsVersion = 6.2;
						TestTargetID = 2FD13C9A1ADAEFA5002E3C54;
					};
				};
			};
			buildConfigurationList = 2FD13C961ADAEFA5002E3C54 /* Build configuration list for PBXProject "CodeForACause" */;
			compatibilityVersion = "Xcode 3.2";
			developmentRegion = English;
			hasScannedForEncodings = 0;
			knownRegions = (
				en,
				Base,
			);
			mainGroup = 2FD13C921ADAEFA5002E3C54;
			productRefGroup = 2FD13C9C1ADAEFA5002E3C54 /* Products */;
			projectDirPath = "";
			projectRoot = "";
			targets = (
				2FD13C9A1ADAEFA5002E3C54 /* CodeForACause */,
				2FD13CB91ADAEFA5002E3C54 /* CodeForACauseTests */,
			);
		};
/* End PBXProject section */

/* Begin PBXResourcesBuildPhase section */
		2FD13C991ADAEFA5002E3C54 /* Resources */ = {
			isa = PBXResourcesBuildPhase;
			buildActionMask = 2147483647;
			files = (
				2FD13CB01ADAEFA5002E3C54 /* Main.storyboard in Resources */,
				2FD13CB51ADAEFA5002E3C54 /* LaunchScreen.xib in Resources */,
				2FD13CB21ADAEFA5002E3C54 /* Images.xcassets in Resources */,
			);
			runOnlyForDeploymentPostprocessing = 0;
		};
		2FD13CB81ADAEFA5002E3C54 /* Resources */ = {
			isa = PBXResourcesBuildPhase;
			buildActionMask = 2147483647;
			files = (
			);
			runOnlyForDeploymentPostprocessing = 0;
		};
/* End PBXResourcesBuildPhase section */

/* Begin PBXSourcesBuildPhase section */
		2FD13C971ADAEFA5002E3C54 /* Sources */ = {
			isa = PBXSourcesBuildPhase;
			buildActionMask = 2147483647;
			files = (
				2FD13CAD1ADAEFA5002E3C54 /* DetailViewController.m in Sources */,
				2FD13CAA1ADAEFA5002E3C54 /* MasterViewController.m in Sources */,
				2FD13CA71ADAEFA5002E3C54 /* CodeForACause.xcdatamodeld in Sources */,
				2FD13CA41ADAEFA5002E3C54 /* AppDelegate.m in Sources */,
				2FD13CA11ADAEFA5002E3C54 /* main.m in Sources */,
			);
			runOnlyForDeploymentPostprocessing = 0;
		};
		2FD13CB61ADAEFA5002E3C54 /* Sources */ = {
			isa = PBXSourcesBuildPhase;
			buildActionMask = 2147483647;
			files = (
				2FD13CC11ADAEFA5002E3C54 /* CodeForACauseTests.m in Sources */,
			);
			runOnlyForDeploymentPostprocessing = 0;
		};
/* End PBXSourcesBuildPhase section */

/* Begin PBXTargetDependency section */
		2FD13CBC1ADAEFA5002E3C54 /* PBXTargetDependency */ = {
			isa = PBXTargetDependency;
			target = 2FD13C9A1ADAEFA5002E3C54 /* CodeForACause */;
			targetProxy = 2FD13CBB1ADAEFA5002E3C54 /* PBXContainerItemProxy */;
		};
/* End PBXTargetDependency section */

/* Begin PBXVariantGroup section */
		2FD13CAE1ADAEFA5002E3C54 /* Main.storyboard */ = {
			isa = PBXVariantGroup;
			children = (
				2FD13CAF1ADAEFA5002E3C54 /* Base */,
			);
			name = Main.storyboard;
			sourceTree = "<group>";
		};
		2FD13CB31ADAEFA5002E3C54 /* LaunchScreen.xib */ = {
			isa = PBXVariantGroup;
			children = (
				2FD13CB41ADAEFA5002E3C54 /* Base */,
			);
			name = LaunchScreen.xib;
			sourceTree = "<group>";
		};
/* End PBXVariantGroup section */

/* Begin XCBuildConfiguration section */
		2FD13CC21ADAEFA5002E3C54 /* Debug */ = {
			isa = XCBuildConfiguration;
			buildSettings = {
				ALWAYS_SEARCH_USER_PATHS = NO;
				CLANG_CXX_LANGUAGE_STANDARD = "gnu++0x";
				CLANG_CXX_LIBRARY = "libc++";
				CLANG_ENABLE_MODULES = YES;
				CLANG_ENABLE_OBJC_ARC = YES;
				CLANG_WARN_BOOL_CONVERSION = YES;
				CLANG_WARN_CONSTANT_CONVERSION = YES;
				CLANG_WARN_DIRECT_OBJC_ISA_USAGE = YES_ERROR;
				CLANG_WARN_EMPTY_BODY = YES;
				CLANG_WARN_ENUM_CONVERSION = YES;
				CLANG_WARN_INT_CONVERSION = YES;
				CLANG_WARN_OBJC_ROOT_CLASS = YES_ERROR;
				CLANG_WARN_UNREACHABLE_CODE = YES;
				CLANG_WARN__DUPLICATE_METHOD_MATCH = YES;
				"CODE_SIGN_IDENTITY[sdk=iphoneos*]" = "iPhone Developer";
				COPY_PHASE_STRIP = NO;
				ENABLE_STRICT_OBJC_MSGSEND = YES;
				GCC_C_LANGUAGE_STANDARD = gnu99;
				GCC_DYNAMIC_NO_PIC = NO;
				GCC_OPTIMIZATION_LEVEL = 0;
				GCC_PREPROCESSOR_DEFINITIONS = (
					"DEBUG=1",
					"$(inherited)",
				);
				GCC_SYMBOLS_PRIVATE_EXTERN = NO;
				GCC_WARN_64_TO_32_BIT_CONVERSION = YES;
				GCC_WARN_ABOUT_RETURN_TYPE = YES_ERROR;
				GCC_WARN_UNDECLARED_SELECTOR = YES;
				GCC_WARN_UNINITIALIZED_AUTOS = YES_AGGRESSIVE;
				GCC_WARN_UNUSED_FUNCTION = YES;
				GCC_WARN_UNUSED_VARIABLE = YES;
				IPHONEOS_DEPLOYMENT_TARGET = 8.2;
				MTL_ENABLE_DEBUG_INFO = YES;
				ONLY_ACTIVE_ARCH = YES;
				SDKROOT = iphoneos;
				TARGETED_DEVICE_FAMILY = "1,2";
			};
			name = Debug;
		};
		2FD13CC31ADAEFA5002E3C54 /* Release */ = {
			isa = XCBuildConfiguration;
			buildSettings = {
				ALWAYS_SEARCH_USER_PATHS = NO;
				CLANG_CXX_LANGUAGE_STANDARD = "gnu++0x";
				CLANG_CXX_LIBRARY = "libc++";
				CLANG_ENABLE_MODULES = YES;
				CLANG_ENABLE_OBJC_ARC = YES;
				CLANG_WARN_BOOL_CONVERSION = YES;
				CLANG_WARN_CONSTANT_CONVERSION = YES;
				CLANG_WARN_DIRECT_OBJC_ISA_USAGE = YES_ERROR;
				CLANG_WARN_EMPTY_BODY = YES;
				CLANG_WARN_ENUM_CONVERSION = YES;
				CLANG_WARN_INT_CONVERSION = YES;
				CLANG_WARN_OBJC_ROOT_CLASS = YES_ERROR;
				CLANG_WARN_UNREACHABLE_CODE = YES;
				CLANG_WARN__DUPLICATE_METHOD_MATCH = YES;
				"CODE_SIGN_IDENTITY[sdk=iphoneos*]" = "iPhone Developer";
				COPY_PHASE_STRIP = NO;
				ENABLE_NS_ASSERTIONS = NO;
				ENABLE_STRICT_OBJC_MSGSEND = YES;
				GCC_C_LANGUAGE_STANDARD = gnu99;
				GCC_WARN_64_TO_32_BIT_CONVERSION = YES;
				GCC_WARN_ABOUT_RETURN_TYPE = YES_ERROR;
				GCC_WARN_UNDECLARED_SELECTOR = YES;
				GCC_WARN_UNINITIALIZED_AUTOS = YES_AGGRESSIVE;
				GCC_WARN_UNUSED_FUNCTION = YES;
				GCC_WARN_UNUSED_VARIABLE = YES;
				IPHONEOS_DEPLOYMENT_TARGET = 8.2;
				MTL_ENABLE_DEBUG_INFO = NO;
				SDKROOT = iphoneos;
				TARGETED_DEVICE_FAMILY = "1,2";
				VALIDATE_PRODUCT = YES;
			};
			name = Release;
		};
		2FD13CC51ADAEFA5002E3C54 /* Debug */ = {
			isa = XCBuildConfiguration;
			buildSettings = {
				ASSETCATALOG_COMPILER_APPICON_NAME = AppIcon;
				INFOPLIST_FILE = CodeForACause/Info.plist;
				LD_RUNPATH_SEARCH_PATHS = "$(inherited) @executable_path/Frameworks";
				PRODUCT_NAME = "$(TARGET_NAME)";
			};
			name = Debug;
		};
		2FD13CC61ADAEFA5002E3C54 /* Release */ = {
			isa = XCBuildConfiguration;
			buildSettings = {
				ASSETCATALOG_COMPILER_APPICON_NAME = AppIcon;
				INFOPLIST_FILE = CodeForACause/Info.plist;
				LD_RUNPATH_SEARCH_PATHS = "$(inherited) @executable_path/Frameworks";
				PRODUCT_NAME = "$(TARGET_NAME)";
			};
			name = Release;
		};
		2FD13CC81ADAEFA5002E3C54 /* Debug */ = {
			isa = XCBuildConfiguration;
			buildSettings = {
				BUNDLE_LOADER = "$(TEST_HOST)";
				FRAMEWORK_SEARCH_PATHS = (
					"$(SDKROOT)/Developer/Library/Frameworks",
					"$(inherited)",
				);
				GCC_PREPROCESSOR_DEFINITIONS = (
					"DEBUG=1",
					"$(inherited)",
				);
				INFOPLIST_FILE = CodeForACauseTests/Info.plist;
				LD_RUNPATH_SEARCH_PATHS = "$(inherited) @executable_path/Frameworks @loader_path/Frameworks";
				PRODUCT_NAME = "$(TARGET_NAME)";
				TEST_HOST = "$(BUILT_PRODUCTS_DIR)/CodeForACause.app/CodeForACause";
			};
			name = Debug;
		};
		2FD13CC91ADAEFA5002E3C54 /* Release */ = {
			isa = XCBuildConfiguration;
			buildSettings = {
				BUNDLE_LOADER = "$(TEST_HOST)";
				FRAMEWORK_SEARCH_PATHS = (
					"$(SDKROOT)/Developer/Library/Frameworks",
					"$(inherited)",
				);
				INFOPLIST_FILE = CodeForACauseTests/Info.plist;
				LD_RUNPATH_SEARCH_PATHS = "$(inherited) @executable_path/Frameworks @loader_path/Frameworks";
				PRODUCT_NAME = "$(TARGET_NAME)";
				TEST_HOST = "$(BUILT_PRODUCTS_DIR)/CodeForACause.app/CodeForACause";
			};
			name = Release;
		};
/* End XCBuildConfiguration section */

/* Begin XCConfigurationList section */
		2FD13C961ADAEFA5002E3C54 /* Build configuration list for PBXProject "CodeForACause" */ = {
			isa = XCConfigurationList;
			buildConfigurations = (
				2FD13CC21ADAEFA5002E3C54 /* Debug */,
				2FD13CC31ADAEFA5002E3C54 /* Release */,
			);
			defaultConfigurationIsVisible = 0;
			defaultConfigurationName = Release;
		};
		2FD13CC41ADAEFA5002E3C54 /* Build configuration list for PBXNativeTarget "CodeForACause" */ = {
			isa = XCConfigurationList;
			buildConfigurations = (
				2FD13CC51ADAEFA5002E3C54 /* Debug */,
				2FD13CC61ADAEFA5002E3C54 /* Release */,
			);
			defaultConfigurationIsVisible = 0;
		};
		2FD13CC71ADAEFA5002E3C54 /* Build configuration list for PBXNativeTarget "CodeForACauseTests" */ = {
			isa = XCConfigurationList;
			buildConfigurations = (
				2FD13CC81ADAEFA5002E3C54 /* Debug */,
				2FD13CC91ADAEFA5002E3C54 /* Release */,
			);
			defaultConfigurationIsVisible = 0;
		};
/* End XCConfigurationList section */

/* Begin XCVersionGroup section */
		2FD13CA51ADAEFA5002E3C54 /* CodeForACause.xcdatamodeld */ = {
			isa = XCVersionGroup;
			children = (
				2FD13CA61ADAEFA5002E3C54 /* CodeForACause.xcdatamodel */,
			);
			currentVersion = 2FD13CA61ADAEFA5002E3C54 /* CodeForACause.xcdatamodel */;
			path = CodeForACause.xcdatamodeld;
			sourceTree = "<group>";
			versionGroupType = wrapper.xcdatamodel;
		};
/* End XCVersionGroup section */
	};
	rootObject = 2FD13C931ADAEFA5002E3C54 /* Project object */;
}
